# This file is generated by running "yarn install" inside your project.
# Manual changes might be lost - proceed with caution!

__metadata:
  version: 4

"@bruitt/classnames@workspace:.":
  version: 0.0.0-use.local
  resolution: "@bruitt/classnames@workspace:."
  dependencies:
    bundt: ^0.4.0
    mocha: ^3.0.2
    ramda: ^0.22.1
  languageName: unknown
  linkType: soft

"balanced-match@npm:^1.0.0":
  version: 1.0.0
  resolution: "balanced-match@npm:1.0.0"
  checksum: 6a1a4021cc9cb35182852582ed42470041430842bbc9d3dfad9536fca203281e4bc6316a017a0b876df0acb8d0d83daa22d5c6483108869c0895582525af9f60
  languageName: node
  linkType: hard

"brace-expansion@npm:^1.1.7":
  version: 1.1.11
  resolution: "brace-expansion@npm:1.1.11"
  dependencies:
    balanced-match: ^1.0.0
    concat-map: 0.0.1
  checksum: 6bf044764309bad6d15c6eabc39e93701643b00192439251afe8b4e0c08f941b840f3c8844b163fc307111459121712fb74e40073ddffb0358f8a640f14ba7b1
  languageName: node
  linkType: hard

"browser-stdout@npm:1.3.0":
  version: 1.3.0
  resolution: "browser-stdout@npm:1.3.0"
  checksum: e59a71faf356fa79fe42eaa71f938a70f11567b3887dc02879d008f080ed2e569d90671900d71bbf0289585275bd6f9a46f0e97ff7868c3cf56680d84c51cbd5
  languageName: node
  linkType: hard

"buffer-from@npm:^1.0.0":
  version: 1.1.1
  resolution: "buffer-from@npm:1.1.1"
  checksum: b34c802232998fe342f64398c6bfbcd74c7e3d8115513ccc1c932c8ea0e0a205293847bc69be4c32ed9388ca151f635b005019e0bddbd80a5df34da537d722d6
  languageName: node
  linkType: hard

"bundt@npm:^0.4.0":
  version: 0.4.0
  resolution: "bundt@npm:0.4.0"
  dependencies:
    kleur: ^3.0.1
    mk-dirs: ^1.0.0
    rewrite-imports: ^2.0.0
    terser: ^3.14.0
  bin:
    bundt: index.js
  checksum: a633ec9f2c4f232c82e832a93e51745c13f68fef877611aa7cd909ba005cb041eb89608fbcc6369378e22f608f9351d852e33bcf095925ed7f74d7f2cd74f20d
  languageName: node
  linkType: hard

"commander@npm:2.9.0":
  version: 2.9.0
  resolution: "commander@npm:2.9.0"
  dependencies:
    graceful-readlink: ">= 1.0.0"
  checksum: d02ce57398578583508fe15844fcaf65c4cccea627754f451fdda059eb0f5a06cb419d74a8a51ef90ea50b1434f67bd06466767d2a2dcb0e54fc79f880bedc73
  languageName: node
  linkType: hard

"commander@npm:^2.19.0":
  version: 2.20.3
  resolution: "commander@npm:2.20.3"
  checksum: eae98d97c0a3a59096be01418e7d882978bbc0c9b8921db75e9907a738dd764ecca833950a883fa1a81d9149e7492bc65af0adaef17f5b112558c176089062bd
  languageName: node
  linkType: hard

"concat-map@npm:0.0.1":
  version: 0.0.1
  resolution: "concat-map@npm:0.0.1"
  checksum: b295d07d6ac4f0e3fe511fce7ac74c5f6583e67bace249c32c6b2baa44b2c6220c7c177c9e44954485f37b7e7ec6a6a231447b62137d0fb56b44a7e871ac33e3
  languageName: node
  linkType: hard

"debug@npm:2.6.8":
  version: 2.6.8
  resolution: "debug@npm:2.6.8"
  dependencies:
    ms: 2.0.0
  checksum: 7c5f70c86b9ddd21e8baa0aac0d55ec2f2fe1851ae9d775cefa7e28780477483a44d839798a173e2a857bd0ae8e05299c209167ef479d491e81b749c0572e3cf
  languageName: node
  linkType: hard

"diff@npm:3.2.0":
  version: 3.2.0
  resolution: "diff@npm:3.2.0"
  checksum: 0964e824e806fb00f97c80625b453045c8285f903d118ee3dd6e36e15e1984dc5bf5192eec05984b1d83cda2ae132c86dfe087ba515e475d5b735343a8392d60
  languageName: node
  linkType: hard

"escape-string-regexp@npm:1.0.5":
  version: 1.0.5
  resolution: "escape-string-regexp@npm:1.0.5"
  checksum: 31da9adff9694f7b63c0542462267656e1d4dcac66a91551781d1ad2554d6641685ff812acc717cd467676af57be458a466d34b086e900354b38dde8724c8046
  languageName: node
  linkType: hard

"fs.realpath@npm:^1.0.0":
  version: 1.0.0
  resolution: "fs.realpath@npm:1.0.0"
  checksum: 7838256cafb93ee7a40754e7fdcae9c6e57b12528e22ae51a10bc6161ad6a647931dd99aa95ddf3a4ce8501766f78e57a56ed010043dddf8dddb4ad5af616acb
  languageName: node
  linkType: hard

"glob@npm:7.1.1":
  version: 7.1.1
  resolution: "glob@npm:7.1.1"
  dependencies:
    fs.realpath: ^1.0.0
    inflight: ^1.0.4
    inherits: 2
    minimatch: ^3.0.2
    once: ^1.3.0
    path-is-absolute: ^1.0.0
  checksum: 1ecb50df949b4c7200f521560ee0006485cd8dd2857f9be8f4ff576bd4c822400a80109047af7ebcf5ecbeefd774c8079de52c82892a3f700d448a31e2e4968f
  languageName: node
  linkType: hard

"graceful-readlink@npm:>= 1.0.0":
  version: 1.0.1
  resolution: "graceful-readlink@npm:1.0.1"
  checksum: 65126a757431d434e2cd727411fad92cbc5b9f169f26488c4df4211c9cfe8ac661ead85d188aa5ef9cdf6ad91544064025e5170ae5f26b289d88d91afdfaff07
  languageName: node
  linkType: hard

"growl@npm:1.9.2":
  version: 1.9.2
  resolution: "growl@npm:1.9.2"
  checksum: b820814e0a14733d9fe3e831e01f369a86532295f47c91001459d17b7896afbec234fdbb636c647c30e4c6b2a6e66ce2055ac1ab2269a714aeba38856c75c75c
  languageName: node
  linkType: hard

"has-flag@npm:^1.0.0":
  version: 1.0.0
  resolution: "has-flag@npm:1.0.0"
  checksum: b17ff23f4fb296a664616b95d0060753aa0d9e1df84442c92ddbe7396b19a6633cff0ed86d17a54821aee4387f283d045235c2652347791f2fd79d007b8b9e95
  languageName: node
  linkType: hard

"he@npm:1.1.1":
  version: 1.1.1
  resolution: "he@npm:1.1.1"
  bin:
    he: bin/he
  checksum: c701a6e1cb09067860bd8294995d79524496e7a855f4d8fd8bc63bdc817f5f6076abf036cb8bff9c6854fd192e2736dfff706e601edc924e1d2efdabd544ad76
  languageName: node
  linkType: hard

"inflight@npm:^1.0.4":
  version: 1.0.6
  resolution: "inflight@npm:1.0.6"
  dependencies:
    once: ^1.3.0
    wrappy: 1
  checksum: 4ae4f2a43120647487d1650aaecd81044692397040d46d38257c349f142889be56ffb23f599c09dadc4287baeb4f3381e304e7eef111d7c7fec00def06111c4c
  languageName: node
  linkType: hard

"inherits@npm:2":
  version: 2.0.4
  resolution: "inherits@npm:2.0.4"
  checksum: d11734fde3095ce63e83a4be33779c8597b0c95edec3efcadf9a78a9312a520028e25acb2d126656005791550f9f2e17de3ea6abeb026fa24627401e5e174d6c
  languageName: node
  linkType: hard

"json3@npm:3.3.2":
  version: 3.3.2
  resolution: "json3@npm:3.3.2"
  checksum: 7b2c456c7a5d6860434d5ff30cb39b4fe9442fe7a0369047280d865a031f4d9e4b2eb2f551914ec42ec49915963ff23fd21b3704170837eadba023e65d2d9d01
  languageName: node
  linkType: hard

"kleur@npm:^3.0.1":
  version: 3.0.3
  resolution: "kleur@npm:3.0.3"
  checksum: 83797db35bab5810129108511794dc990c2db9019f053b39895acbe3848d35616024a7d046d7dce34e0ed70af5a7c2fe516b7ff510805329a550054fbc724693
  languageName: node
  linkType: hard

"lodash._baseassign@npm:^3.0.0":
  version: 3.2.0
  resolution: "lodash._baseassign@npm:3.2.0"
  dependencies:
    lodash._basecopy: ^3.0.0
    lodash.keys: ^3.0.0
  checksum: 4b5267806f291bb53818b431ceec4dc63cd8bf2bf5653c31de5f44251d406ffd2e2ca2969a1685e251a8e2b520e46fff97112f046d52140fb4c0cd9cbf1a5d47
  languageName: node
  linkType: hard

"lodash._basecopy@npm:^3.0.0":
  version: 3.0.1
  resolution: "lodash._basecopy@npm:3.0.1"
  checksum: 4195cb5565d924c06333e3c81881dc7bd70b14c06a5e8c2e6a91d9a400f436fe3b97b616308ffb0b217ff64dc6791377f0bb5e1b7ee26c3b960437dfcc09df3d
  languageName: node
  linkType: hard

"lodash._basecreate@npm:^3.0.0":
  version: 3.0.3
  resolution: "lodash._basecreate@npm:3.0.3"
  checksum: f421dfd5afb29aed2629e0b22bc070c6661ae653fcf7a54abe72053a798ab5646b4aa12e394d3635ed6458677500d75732c4f0ee73a8af837ba5525c321fff63
  languageName: node
  linkType: hard

"lodash._getnative@npm:^3.0.0":
  version: 3.9.1
  resolution: "lodash._getnative@npm:3.9.1"
  checksum: 7e756a6dd865674d88adee88dad2e717a8d3d2d22ff1046d264cba6f82eabde20848db99a1ddd07d5c48978b46d9c6efdaa2ebe4cd4ae18d456058d7067b71c5
  languageName: node
  linkType: hard

"lodash._isiterateecall@npm:^3.0.0":
  version: 3.0.9
  resolution: "lodash._isiterateecall@npm:3.0.9"
  checksum: ddefeaa6365edb0ea2c573ca3b3883e95b7cc52ab8c6b2ef47e1390318fee9f385f94443cb47962a771e66f2220448108eb14cc1e4d3daa194566f9ab24fb7be
  languageName: node
  linkType: hard

"lodash.create@npm:3.1.1":
  version: 3.1.1
  resolution: "lodash.create@npm:3.1.1"
  dependencies:
    lodash._baseassign: ^3.0.0
    lodash._basecreate: ^3.0.0
    lodash._isiterateecall: ^3.0.0
  checksum: 333e5166852c9bae1affac8160a2b7a4a4af10fbd2212e54f8eae6bc7556061aa3f67b2e3f6483acc109f4975c0b284281f09e6cc4eaa203f0c2e2dd2e8ce0e7
  languageName: node
  linkType: hard

"lodash.isarguments@npm:^3.0.0":
  version: 3.1.0
  resolution: "lodash.isarguments@npm:3.1.0"
  checksum: 25364c6d2f5124b2d3c616f4174d52b928cdb059e102792d29f090ca10a0e860cdce7cb63771d4f3ca72efcdd158bdf9510b250f3d97d99f5c38535e1c396b23
  languageName: node
  linkType: hard

"lodash.isarray@npm:^3.0.0":
  version: 3.0.4
  resolution: "lodash.isarray@npm:3.0.4"
  checksum: 30226e4e7c2d9921ca0b36b7370854f241e734f5441efadc11f25f7a158a2208f0c0c05d16d554a1e3f852543d253648632b159115c6944ade68a73907dac0b5
  languageName: node
  linkType: hard

"lodash.keys@npm:^3.0.0":
  version: 3.1.2
  resolution: "lodash.keys@npm:3.1.2"
  dependencies:
    lodash._getnative: ^3.0.0
    lodash.isarguments: ^3.0.0
    lodash.isarray: ^3.0.0
  checksum: 0f2e9f38238fcb993f660fccb90748cbded050b8a6870457511c68d6b2e93cb07b35c05f91c355b2551a32f109843048fe4f178fdee60e5f35e750747c68794d
  languageName: node
  linkType: hard

"minimatch@npm:^3.0.2":
  version: 3.0.4
  resolution: "minimatch@npm:3.0.4"
  dependencies:
    brace-expansion: ^1.1.7
  checksum: c32249a40b1dbbb8d836495877d91874fcf6ce9c287409c41bcb3efe5ad67e21512a459a4ae3ce9b32e1df376c1cde14cbe9fe3ba17f703c2b253993577f4ccf
  languageName: node
  linkType: hard

"minimist@npm:0.0.8":
  version: 0.0.8
  resolution: "minimist@npm:0.0.8"
  checksum: 007f9b6af3b3eeb48eb7f8df6384e57daa112db8cae745f55539835e1900eab0242cca890cb4420e7361bcad397eba316b24317d995b1f452c1486cf6fb09934
  languageName: node
  linkType: hard

"mk-dirs@npm:^1.0.0":
  version: 1.0.0
  resolution: "mk-dirs@npm:1.0.0"
  checksum: 99e4e4daf04fa59c8b38fe4e918279e35cacd49699cda2b7161c74e88e9f84c430345a1e015268ee361a09f641f4d07c87a4c91d164fa41a87be998816296350
  languageName: node
  linkType: hard

"mkdirp@npm:0.5.1":
  version: 0.5.1
  resolution: "mkdirp@npm:0.5.1"
  dependencies:
    minimist: 0.0.8
  bin:
    mkdirp: bin/cmd.js
  checksum: ab0413777774b9c8255bce8e43b4e355bf329f7da0e3db007d6d370567cd82a858bd2aff028b7c5d39ff19bfd26b3c29d8e7ae706bd768a114ae95fbc9311b51
  languageName: node
  linkType: hard

"mocha@npm:^3.0.2":
  version: 3.5.3
  resolution: "mocha@npm:3.5.3"
  dependencies:
    browser-stdout: 1.3.0
    commander: 2.9.0
    debug: 2.6.8
    diff: 3.2.0
    escape-string-regexp: 1.0.5
    glob: 7.1.1
    growl: 1.9.2
    he: 1.1.1
    json3: 3.3.2
    lodash.create: 3.1.1
    mkdirp: 0.5.1
    supports-color: 3.1.2
  bin:
    _mocha: ./bin/_mocha
    mocha: ./bin/mocha
  checksum: 5d9d94e37720f6572d27f62e204922b8c77d594572330f3a1ae881dc48370e9fc4799a9bbbe56406d44eababc871e30b9ba6d898ef87cfb93e0007cf494294dd
  languageName: node
  linkType: hard

"ms@npm:2.0.0":
  version: 2.0.0
  resolution: "ms@npm:2.0.0"
  checksum: 531c5c3f1d224510ab703166ad6883762bfbc0465c5b43dd8e2aa29e95ac141ca77e5704b7810d4c649d45580e9f78fa8febfe9ffec6a08424033f31089c83fd
  languageName: node
  linkType: hard

"once@npm:^1.3.0":
  version: 1.4.0
  resolution: "once@npm:1.4.0"
  dependencies:
    wrappy: 1
  checksum: 47a04404e9aa3a209a7e536b199780fe75aba04df0a035b221285f2f703d0ab58286ffb402ff7cb5a3b894d0e86685eb4fc2766ce7a19555c14221437f248c03
  languageName: node
  linkType: hard

"path-is-absolute@npm:^1.0.0":
  version: 1.0.1
  resolution: "path-is-absolute@npm:1.0.1"
  checksum: 0e197d7cfa28209bce077b65646e21beb9a9980cc2b57efa4a4bf3b3331ec003f823bfec0948326264a2cbc57645a666cf911eb5d949d627d9e788280cccaa07
  languageName: node
  linkType: hard

"ramda@npm:^0.22.1":
  version: 0.22.1
  resolution: "ramda@npm:0.22.1"
  checksum: 477735b6c190647a9960ac8fd6e3821013d723dba6a76e1208e842e149db139f2664193cf3aa13eb63c3d29ded511699215fd448b4df7c7462cdccf2d6f02930
  languageName: node
  linkType: hard

"rewrite-imports@npm:^2.0.0":
  version: 2.0.3
  resolution: "rewrite-imports@npm:2.0.3"
  checksum: 4d69479e859c9ed69b0400eeb3ab8bfafc6bdbb15877a089f8222560c53ec4c50e86f8eef12acba0f07ba456b32c254d96be5fb0fced6fff9f16f6529eb64c56
  languageName: node
  linkType: hard

"source-map-support@npm:~0.5.10":
  version: 0.5.18
  resolution: "source-map-support@npm:0.5.18"
  dependencies:
    buffer-from: ^1.0.0
    source-map: ^0.6.0
  checksum: 1be8645909794d704b5618f8120e06419fafebb571d5c02f42c85f858ddd96ee99f5f5b248d4bf44d249b32131a042c393f2e2b299774a1b792f39f6ac3c2500
  languageName: node
  linkType: hard

"source-map@npm:^0.6.0, source-map@npm:~0.6.1":
  version: 0.6.1
  resolution: "source-map@npm:0.6.1"
  checksum: fa17f30e37dfa8d8065fc98e8c51ae80d7050055f90dbd40e8644269bda04707386180c4c43af7104a29af56109663e994ccbc2cf766af01e915285c7f93cc40
  languageName: node
  linkType: hard

"supports-color@npm:3.1.2":
  version: 3.1.2
  resolution: "supports-color@npm:3.1.2"
  dependencies:
    has-flag: ^1.0.0
  checksum: fb01dfb7f5c091f2f6557469e26ecca3e1e509ba42639f97e308607461d2ba6b3e1065ec1eceff3b73b573bc8425459687aef1b88a3e3622561d58dde9a3c491
  languageName: node
  linkType: hard

"terser@npm:^3.14.0":
  version: 3.17.0
  resolution: "terser@npm:3.17.0"
  dependencies:
    commander: ^2.19.0
    source-map: ~0.6.1
    source-map-support: ~0.5.10
  bin:
    terser: bin/uglifyjs
  checksum: 1d32d5d8dd95decf22f2475f61b2f9c4de2420efde0af8650c2962a1f72bce4d8acf555a6de2d4b7c96b136d5cfb36d39bd480b9280c482672b32e6344285f68
  languageName: node
  linkType: hard

"wrappy@npm:1":
  version: 1.0.2
  resolution: "wrappy@npm:1.0.2"
  checksum: 0796da084f06bced2351fed9686a7211f4a4b774a7a3b64c7ead1b3bef162b1721f2a1d3fb1268bf2e848c9d743eca189c2a243159a1512d5dfab4b0d4dd60b5
  languageName: node
  linkType: hard
